
Microsoft Visual Studio Solution File, Format Version 12.00
# Visual Studio Version 17
VisualStudioVersion = 17.12.35527.113
MinimumVisualStudioVersion = 10.0.40219.1
Project("{FAE04EC0-301F-11D3-BF4B-00C04F79EFBC}") = "BrowserUI", "BrowserUI\BrowserUI.csproj", "{6ECBDAF6-DCE4-4813-89EC-BD2B01063D1A}"
	ProjectSection(ProjectDependencies) = postProject
		{3DFBC70F-FC6D-4E0C-A776-41D7B01351F0} = {3DFBC70F-FC6D-4E0C-A776-41D7B01351F0}
	EndProjectSection
EndProject
Project("{FAE04EC0-301F-11D3-BF4B-00C04F79EFBC}") = "BrowserUICore", "BrowserUICore\BrowserUICore.csproj", "{3DFBC70F-FC6D-4E0C-A776-41D7B01351F0}"
EndProject
Global
	GlobalSection(SolutionConfigurationPlatforms) = preSolution
		Debug|ARM64 = Debug|ARM64
		Debug|x64 = Debug|x64
		Debug|x86 = Debug|x86
		Release|ARM64 = Release|ARM64
		Release|x64 = Release|x64
		Release|x86 = Release|x86
	EndGlobalSection
	GlobalSection(ProjectConfigurationPlatforms) = postSolution
		{6ECBDAF6-DCE4-4813-89EC-BD2B01063D1A}.Debug|ARM64.ActiveCfg = Debug|ARM64
		{6ECBDAF6-DCE4-4813-89EC-BD2B01063D1A}.Debug|ARM64.Build.0 = Debug|ARM64
		{6ECBDAF6-DCE4-4813-89EC-BD2B01063D1A}.Debug|ARM64.Deploy.0 = Debug|ARM64
		{6ECBDAF6-DCE4-4813-89EC-BD2B01063D1A}.Debug|x64.ActiveCfg = Debug|x64
		{6ECBDAF6-DCE4-4813-89EC-BD2B01063D1A}.Debug|x64.Build.0 = Debug|x64
		{6ECBDAF6-DCE4-4813-89EC-BD2B01063D1A}.Debug|x64.Deploy.0 = Debug|x64
		{6ECBDAF6-DCE4-4813-89EC-BD2B01063D1A}.Debug|x86.ActiveCfg = Debug|x86
		{6ECBDAF6-DCE4-4813-89EC-BD2B01063D1A}.Debug|x86.Build.0 = Debug|x86
		{6ECBDAF6-DCE4-4813-89EC-BD2B01063D1A}.Debug|x86.Deploy.0 = Debug|x86
		{6ECBDAF6-DCE4-4813-89EC-BD2B01063D1A}.Release|ARM64.ActiveCfg = Release|ARM64
		{6ECBDAF6-DCE4-4813-89EC-BD2B01063D1A}.Release|ARM64.Build.0 = Release|ARM64
		{6ECBDAF6-DCE4-4813-89EC-BD2B01063D1A}.Release|ARM64.Deploy.0 = Release|ARM64
		{6ECBDAF6-DCE4-4813-89EC-BD2B01063D1A}.Release|x64.ActiveCfg = Release|x64
		{6ECBDAF6-DCE4-4813-89EC-BD2B01063D1A}.Release|x64.Build.0 = Release|x64
		{6ECBDAF6-DCE4-4813-89EC-BD2B01063D1A}.Release|x64.Deploy.0 = Release|x64
		{6ECBDAF6-DCE4-4813-89EC-BD2B01063D1A}.Release|x86.ActiveCfg = Release|x86
		{6ECBDAF6-DCE4-4813-89EC-BD2B01063D1A}.Release|x86.Build.0 = Release|x86
		{6ECBDAF6-DCE4-4813-89EC-BD2B01063D1A}.Release|x86.Deploy.0 = Release|x86
		{3DFBC70F-FC6D-4E0C-A776-41D7B01351F0}.Debug|ARM64.ActiveCfg = Debug|ARM64
		{3DFBC70F-FC6D-4E0C-A776-41D7B01351F0}.Debug|ARM64.Build.0 = Debug|ARM64
		{3DFBC70F-FC6D-4E0C-A776-41D7B01351F0}.Debug|ARM64.Deploy.0 = Debug|ARM64
		{3DFBC70F-FC6D-4E0C-A776-41D7B01351F0}.Debug|x64.ActiveCfg = Debug|x64
		{3DFBC70F-FC6D-4E0C-A776-41D7B01351F0}.Debug|x64.Build.0 = Debug|x64
		{3DFBC70F-FC6D-4E0C-A776-41D7B01351F0}.Debug|x64.Deploy.0 = Debug|x64
		{3DFBC70F-FC6D-4E0C-A776-41D7B01351F0}.Debug|x86.ActiveCfg = Debug|x86
		{3DFBC70F-FC6D-4E0C-A776-41D7B01351F0}.Debug|x86.Build.0 = Debug|x86
		{3DFBC70F-FC6D-4E0C-A776-41D7B01351F0}.Debug|x86.Deploy.0 = Debug|x86
		{3DFBC70F-FC6D-4E0C-A776-41D7B01351F0}.Release|ARM64.ActiveCfg = Release|ARM64
		{3DFBC70F-FC6D-4E0C-A776-41D7B01351F0}.Release|ARM64.Build.0 = Release|ARM64
		{3DFBC70F-FC6D-4E0C-A776-41D7B01351F0}.Release|ARM64.Deploy.0 = Release|ARM64
		{3DFBC70F-FC6D-4E0C-A776-41D7B01351F0}.Release|x64.ActiveCfg = Release|x64
		{3DFBC70F-FC6D-4E0C-A776-41D7B01351F0}.Release|x64.Build.0 = Release|x64
		{3DFBC70F-FC6D-4E0C-A776-41D7B01351F0}.Release|x64.Deploy.0 = Release|x64
		{3DFBC70F-FC6D-4E0C-A776-41D7B01351F0}.Release|x86.ActiveCfg = Release|x86
		{3DFBC70F-FC6D-4E0C-A776-41D7B01351F0}.Release|x86.Build.0 = Release|x86
		{3DFBC70F-FC6D-4E0C-A776-41D7B01351F0}.Release|x86.Deploy.0 = Release|x86
	EndGlobalSection
	GlobalSection(SolutionProperties) = preSolution
		HideSolutionNode = FALSE
	EndGlobalSection
EndGlobal
