
Microsoft Visual Studio Solution File, Format Version 12.00
# Visual Studio Version 17
VisualStudioVersion = 17.12.35527.113
MinimumVisualStudioVersion = 10.0.40219.1
Project("{FAE04EC0-301F-11D3-BF4B-00C04F79EFBC}") = "BrowserUI", "BrowserUI\BrowserUI.csproj", "{6ECBDAF6-DCE4-4813-89EC-BD2B01063D1A}"
	ProjectSection(ProjectDependencies) = postProject
		{3DFBC70F-FC6D-4E0C-A776-41D7B01351F0} = {3DFBC70F-FC6D-4E0C-A776-41D7B01351F0}
		{47B34DE1-CE24-4299-9351-9BEC7222F444} = {47B34DE1-CE24-4299-9351-9BEC7222F444}
		{8F7C1F13-0784-402F-ADA5-9E559061D375} = {8F7C1F13-0784-402F-ADA5-9E559061D375}
	EndProjectSection
EndProject
Project("{FAE04EC0-301F-11D3-BF4B-00C04F79EFBC}") = "BrowserUICore", "BrowserUICore\BrowserUICore.csproj", "{3DFBC70F-FC6D-4E0C-A776-41D7B01351F0}"
EndProject
Project("{FAE04EC0-301F-11D3-BF4B-00C04F79EFBC}") = "BrowserUIAsset", "BrowserUIAsset\BrowserUIAsset.csproj", "{8F7C1F13-0784-402F-ADA5-9E559061D375}"
EndProject
Project("{FAE04EC0-301F-11D3-BF4B-00C04F79EFBC}") = "BrowserUIMultiCore", "BrowserUIMultiCore\BrowserUIMultiCore.csproj", "{2901E49A-301C-47CC-903A-D492BBF7B673}"
EndProject
Project("{FAE04EC0-301F-11D3-BF4B-00C04F79EFBC}") = "BrowserUISetup", "BrowserUISetup\BrowserUISetup.csproj", "{47B34DE1-CE24-4299-9351-9BEC7222F444}"
	ProjectSection(ProjectDependencies) = postProject
		{2901E49A-301C-47CC-903A-D492BBF7B673} = {2901E49A-301C-47CC-903A-D492BBF7B673}
		{8F7C1F13-0784-402F-ADA5-9E559061D375} = {8F7C1F13-0784-402F-ADA5-9E559061D375}
	EndProjectSection
EndProject
Global
	GlobalSection(SolutionConfigurationPlatforms) = preSolution
		Debug|ARM64 = Debug|ARM64
		Debug|x64 = Debug|x64
		Debug|x86 = Debug|x86
		Release|ARM64 = Release|ARM64
		Release|x64 = Release|x64
		Release|x86 = Release|x86
	EndGlobalSection
	GlobalSection(ProjectConfigurationPlatforms) = postSolution
		{6ECBDAF6-DCE4-4813-89EC-BD2B01063D1A}.Debug|ARM64.ActiveCfg = Debug|ARM64
		{6ECBDAF6-DCE4-4813-89EC-BD2B01063D1A}.Debug|ARM64.Build.0 = Debug|ARM64
		{6ECBDAF6-DCE4-4813-89EC-BD2B01063D1A}.Debug|ARM64.Deploy.0 = Debug|ARM64
		{6ECBDAF6-DCE4-4813-89EC-BD2B01063D1A}.Debug|x64.ActiveCfg = Debug|x64
		{6ECBDAF6-DCE4-4813-89EC-BD2B01063D1A}.Debug|x64.Build.0 = Debug|x64
		{6ECBDAF6-DCE4-4813-89EC-BD2B01063D1A}.Debug|x64.Deploy.0 = Debug|x64
		{6ECBDAF6-DCE4-4813-89EC-BD2B01063D1A}.Debug|x86.ActiveCfg = Debug|x86
		{6ECBDAF6-DCE4-4813-89EC-BD2B01063D1A}.Debug|x86.Build.0 = Debug|x86
		{6ECBDAF6-DCE4-4813-89EC-BD2B01063D1A}.Debug|x86.Deploy.0 = Debug|x86
		{6ECBDAF6-DCE4-4813-89EC-BD2B01063D1A}.Release|ARM64.ActiveCfg = Release|ARM64
		{6ECBDAF6-DCE4-4813-89EC-BD2B01063D1A}.Release|ARM64.Build.0 = Release|ARM64
		{6ECBDAF6-DCE4-4813-89EC-BD2B01063D1A}.Release|ARM64.Deploy.0 = Release|ARM64
		{6ECBDAF6-DCE4-4813-89EC-BD2B01063D1A}.Release|x64.ActiveCfg = Release|x64
		{6ECBDAF6-DCE4-4813-89EC-BD2B01063D1A}.Release|x64.Build.0 = Release|x64
		{6ECBDAF6-DCE4-4813-89EC-BD2B01063D1A}.Release|x64.Deploy.0 = Release|x64
		{6ECBDAF6-DCE4-4813-89EC-BD2B01063D1A}.Release|x86.ActiveCfg = Release|x86
		{6ECBDAF6-DCE4-4813-89EC-BD2B01063D1A}.Release|x86.Build.0 = Release|x86
		{6ECBDAF6-DCE4-4813-89EC-BD2B01063D1A}.Release|x86.Deploy.0 = Release|x86
		{3DFBC70F-FC6D-4E0C-A776-41D7B01351F0}.Debug|ARM64.ActiveCfg = Debug|ARM64
		{3DFBC70F-FC6D-4E0C-A776-41D7B01351F0}.Debug|ARM64.Build.0 = Debug|ARM64
		{3DFBC70F-FC6D-4E0C-A776-41D7B01351F0}.Debug|ARM64.Deploy.0 = Debug|ARM64
		{3DFBC70F-FC6D-4E0C-A776-41D7B01351F0}.Debug|x64.ActiveCfg = Debug|x64
		{3DFBC70F-FC6D-4E0C-A776-41D7B01351F0}.Debug|x64.Build.0 = Debug|x64
		{3DFBC70F-FC6D-4E0C-A776-41D7B01351F0}.Debug|x64.Deploy.0 = Debug|x64
		{3DFBC70F-FC6D-4E0C-A776-41D7B01351F0}.Debug|x86.ActiveCfg = Debug|x86
		{3DFBC70F-FC6D-4E0C-A776-41D7B01351F0}.Debug|x86.Build.0 = Debug|x86
		{3DFBC70F-FC6D-4E0C-A776-41D7B01351F0}.Debug|x86.Deploy.0 = Debug|x86
		{3DFBC70F-FC6D-4E0C-A776-41D7B01351F0}.Release|ARM64.ActiveCfg = Release|ARM64
		{3DFBC70F-FC6D-4E0C-A776-41D7B01351F0}.Release|ARM64.Build.0 = Release|ARM64
		{3DFBC70F-FC6D-4E0C-A776-41D7B01351F0}.Release|ARM64.Deploy.0 = Release|ARM64
		{3DFBC70F-FC6D-4E0C-A776-41D7B01351F0}.Release|x64.ActiveCfg = Release|x64
		{3DFBC70F-FC6D-4E0C-A776-41D7B01351F0}.Release|x64.Build.0 = Release|x64
		{3DFBC70F-FC6D-4E0C-A776-41D7B01351F0}.Release|x64.Deploy.0 = Release|x64
		{3DFBC70F-FC6D-4E0C-A776-41D7B01351F0}.Release|x86.ActiveCfg = Release|x86
		{3DFBC70F-FC6D-4E0C-A776-41D7B01351F0}.Release|x86.Build.0 = Release|x86
		{3DFBC70F-FC6D-4E0C-A776-41D7B01351F0}.Release|x86.Deploy.0 = Release|x86
		{8F7C1F13-0784-402F-ADA5-9E559061D375}.Debug|ARM64.ActiveCfg = Debug|Any CPU
		{8F7C1F13-0784-402F-ADA5-9E559061D375}.Debug|ARM64.Build.0 = Debug|Any CPU
		{8F7C1F13-0784-402F-ADA5-9E559061D375}.Debug|x64.ActiveCfg = Debug|Any CPU
		{8F7C1F13-0784-402F-ADA5-9E559061D375}.Debug|x64.Build.0 = Debug|Any CPU
		{8F7C1F13-0784-402F-ADA5-9E559061D375}.Debug|x86.ActiveCfg = Debug|Any CPU
		{8F7C1F13-0784-402F-ADA5-9E559061D375}.Debug|x86.Build.0 = Debug|Any CPU
		{8F7C1F13-0784-402F-ADA5-9E559061D375}.Release|ARM64.ActiveCfg = Release|Any CPU
		{8F7C1F13-0784-402F-ADA5-9E559061D375}.Release|ARM64.Build.0 = Release|Any CPU
		{8F7C1F13-0784-402F-ADA5-9E559061D375}.Release|x64.ActiveCfg = Release|Any CPU
		{8F7C1F13-0784-402F-ADA5-9E559061D375}.Release|x64.Build.0 = Release|Any CPU
		{8F7C1F13-0784-402F-ADA5-9E559061D375}.Release|x86.ActiveCfg = Release|Any CPU
		{8F7C1F13-0784-402F-ADA5-9E559061D375}.Release|x86.Build.0 = Release|Any CPU
		{2901E49A-301C-47CC-903A-D492BBF7B673}.Debug|ARM64.ActiveCfg = Debug|Any CPU
		{2901E49A-301C-47CC-903A-D492BBF7B673}.Debug|ARM64.Build.0 = Debug|Any CPU
		{2901E49A-301C-47CC-903A-D492BBF7B673}.Debug|x64.ActiveCfg = Debug|Any CPU
		{2901E49A-301C-47CC-903A-D492BBF7B673}.Debug|x64.Build.0 = Debug|Any CPU
		{2901E49A-301C-47CC-903A-D492BBF7B673}.Debug|x86.ActiveCfg = Debug|Any CPU
		{2901E49A-301C-47CC-903A-D492BBF7B673}.Debug|x86.Build.0 = Debug|Any CPU
		{2901E49A-301C-47CC-903A-D492BBF7B673}.Release|ARM64.ActiveCfg = Release|Any CPU
		{2901E49A-301C-47CC-903A-D492BBF7B673}.Release|ARM64.Build.0 = Release|Any CPU
		{2901E49A-301C-47CC-903A-D492BBF7B673}.Release|x64.ActiveCfg = Release|Any CPU
		{2901E49A-301C-47CC-903A-D492BBF7B673}.Release|x64.Build.0 = Release|Any CPU
		{2901E49A-301C-47CC-903A-D492BBF7B673}.Release|x86.ActiveCfg = Release|Any CPU
		{2901E49A-301C-47CC-903A-D492BBF7B673}.Release|x86.Build.0 = Release|Any CPU
		{47B34DE1-CE24-4299-9351-9BEC7222F444}.Debug|ARM64.ActiveCfg = Debug|Any CPU
		{47B34DE1-CE24-4299-9351-9BEC7222F444}.Debug|ARM64.Build.0 = Debug|Any CPU
		{47B34DE1-CE24-4299-9351-9BEC7222F444}.Debug|x64.ActiveCfg = Debug|x64
		{47B34DE1-CE24-4299-9351-9BEC7222F444}.Debug|x64.Build.0 = Debug|x64
		{47B34DE1-CE24-4299-9351-9BEC7222F444}.Debug|x86.ActiveCfg = Debug|Any CPU
		{47B34DE1-CE24-4299-9351-9BEC7222F444}.Debug|x86.Build.0 = Debug|Any CPU
		{47B34DE1-CE24-4299-9351-9BEC7222F444}.Release|ARM64.ActiveCfg = Release|Any CPU
		{47B34DE1-CE24-4299-9351-9BEC7222F444}.Release|ARM64.Build.0 = Release|Any CPU
		{47B34DE1-CE24-4299-9351-9BEC7222F444}.Release|x64.ActiveCfg = Release|x64
		{47B34DE1-CE24-4299-9351-9BEC7222F444}.Release|x64.Build.0 = Release|x64
		{47B34DE1-CE24-4299-9351-9BEC7222F444}.Release|x86.ActiveCfg = Release|Any CPU
		{47B34DE1-CE24-4299-9351-9BEC7222F444}.Release|x86.Build.0 = Release|Any CPU
	EndGlobalSection
	GlobalSection(SolutionProperties) = preSolution
		HideSolutionNode = FALSE
	EndGlobalSection
EndGlobal
